
Microsoft Visual Studio Solution File, Format Version 12.00
# Visual Studio Version 17
VisualStudioVersion = 17.4.33205.214
MinimumVisualStudioVersion = 10.0.40219.1
Project("{FAE04EC0-301F-11D3-BF4B-00C04F79EFBC}") = "BaiTap", "BaiTap\BaiTap.csproj", "{5FBC83B7-0CD7-4442-A5CA-D08E24B274A7}"
EndProject
Global
	GlobalSection(SolutionConfigurationPlatforms) = preSolution
		Debug|Any CPU = Debug|Any CPU
		Release|Any CPU = Release|Any CPU
	EndGlobalSection
	GlobalSection(ProjectConfigurationPlatforms) = postSolution
		{5FBC83B7-0CD7-4442-A5CA-D08E24B274A7}.Debug|Any CPU.ActiveCfg = Debug|Any CPU
		{5FBC83B7-0CD7-4442-A5CA-D08E24B274A7}.Debug|Any CPU.Build.0 = Debug|Any CPU
		{5FBC83B7-0CD7-4442-A5CA-D08E24B274A7}.Release|Any CPU.ActiveCfg = Release|Any CPU
		{5FBC83B7-0CD7-4442-A5CA-D08E24B274A7}.Release|Any CPU.Build.0 = Release|Any CPU
	EndGlobalSection
	GlobalSection(SolutionProperties) = preSolution
		HideSolutionNode = FALSE
	EndGlobalSection
	GlobalSection(ExtensibilityGlobals) = postSolution
		SolutionGuid = {82811D7B-C108-4C6D-97C1-0843DB3599B9}
	EndGlobalSection
EndGlobal
